{
  "requires": true,
  "lockfileVersion": 1,
  "dependencies": {
    "blueimp-canvas-to-blob": {
      "version": "3.28.0",
      "resolved": "https://registry.npm.taobao.org/blueimp-canvas-to-blob/download/blueimp-canvas-to-blob-3.28.0.tgz",
      "integrity": "sha1-yKtNxrsId0p/JzeYzflLB3at9sg=",
      "optional": true
    },
    "blueimp-file-upload": {
      "version": "10.31.0",
      "resolved": "https://registry.npm.taobao.org/blueimp-file-upload/download/blueimp-file-upload-10.31.0.tgz",
      "integrity": "sha1-RvxP6k5ni1evvZAI8Xnln8OqPoQ=",
      "requires": {
        "blueimp-canvas-to-blob": "3",
        "blueimp-load-image": "5",
        "blueimp-tmpl": "3"
      }
    },
    "blueimp-load-image": {
      "version": "5.14.0",
      "resolved": "https://registry.npm.taobao.org/blueimp-load-image/download/blueimp-load-image-5.14.0.tgz",
      "integrity": "sha1-6AhkFeWA34AsM/8NprN6jSAgXMY=",
      "optional": true
    },
    "blueimp-tmpl": {
      "version": "3.19.0",
      "resolved": "https://registry.npm.taobao.org/blueimp-tmpl/download/blueimp-tmpl-3.19.0.tgz",
      "integrity": "sha1-EWD3nEzlW9gtJc+j332xFvjR32I=",
      "optional": true
    }
  }
}
